
Microsoft Visual Studio Solution File, Format Version 12.00
# Visual Studio Version 17
VisualStudioVersion = 17.6.33815.320
MinimumVisualStudioVersion = 10.0.40219.1
Project("{FAE04EC0-301F-11D3-BF4B-00C04F79EFBC}") = "CS_05_06", "CS_05_06\CS_05_06.csproj", "{455400E9-35B0-47A6-9096-8EBA44FC9824}"
EndProject
Global
	GlobalSection(SolutionConfigurationPlatforms) = preSolution
		Debug|Any CPU = Debug|Any CPU
		Release|Any CPU = Release|Any CPU
	EndGlobalSection
	GlobalSection(ProjectConfigurationPlatforms) = postSolution
		{455400E9-35B0-47A6-9096-8EBA44FC9824}.Debug|Any CPU.ActiveCfg = Debug|Any CPU
		{455400E9-35B0-47A6-9096-8EBA44FC9824}.Debug|Any CPU.Build.0 = Debug|Any CPU
		{455400E9-35B0-47A6-9096-8EBA44FC9824}.Release|Any CPU.ActiveCfg = Release|Any CPU
		{455400E9-35B0-47A6-9096-8EBA44FC9824}.Release|Any CPU.Build.0 = Release|Any CPU
	EndGlobalSection
	GlobalSection(SolutionProperties) = preSolution
		HideSolutionNode = FALSE
	EndGlobalSection
	GlobalSection(ExtensibilityGlobals) = postSolution
		SolutionGuid = {A16D0C74-50D0-4DF5-AA19-3BCE8881052C}
	EndGlobalSection
EndGlobal
